
Microsoft Visual Studio Solution File, Format Version 12.00
# Visual Studio Version 16
VisualStudioVersion = 16.0.31624.102
MinimumVisualStudioVersion = 10.0.40219.1
Project("{FAE04EC0-301F-11D3-BF4B-00C04F79EFBC}") = "TrainingAcademyAPIDemo", "TrainingAcademyAPIDemo\TrainingAcademyAPIDemo.csproj", "{70FD97B8-75EF-40B2-B153-3B8080569E42}"
EndProject
Project("{FAE04EC0-301F-11D3-BF4B-00C04F79EFBC}") = "TrainingModule", "TrainingModule\TrainingModule.csproj", "{DAC78BBB-D39A-40B0-8B96-317F2847FFE5}"
EndProject
Project("{FAE04EC0-301F-11D3-BF4B-00C04F79EFBC}") = "TrainingProject", "TrainingProject\TrainingProject.csproj", "{70835284-B570-4419-A4BF-430F6C5B1506}"
EndProject
Global
	GlobalSection(SolutionConfigurationPlatforms) = preSolution
		Debug|Any CPU = Debug|Any CPU
		Release|Any CPU = Release|Any CPU
	EndGlobalSection
	GlobalSection(ProjectConfigurationPlatforms) = postSolution
		{70FD97B8-75EF-40B2-B153-3B8080569E42}.Debug|Any CPU.ActiveCfg = Debug|Any CPU
		{70FD97B8-75EF-40B2-B153-3B8080569E42}.Debug|Any CPU.Build.0 = Debug|Any CPU
		{70FD97B8-75EF-40B2-B153-3B8080569E42}.Release|Any CPU.ActiveCfg = Release|Any CPU
		{70FD97B8-75EF-40B2-B153-3B8080569E42}.Release|Any CPU.Build.0 = Release|Any CPU
		{DAC78BBB-D39A-40B0-8B96-317F2847FFE5}.Debug|Any CPU.ActiveCfg = Debug|Any CPU
		{DAC78BBB-D39A-40B0-8B96-317F2847FFE5}.Debug|Any CPU.Build.0 = Debug|Any CPU
		{DAC78BBB-D39A-40B0-8B96-317F2847FFE5}.Release|Any CPU.ActiveCfg = Release|Any CPU
		{DAC78BBB-D39A-40B0-8B96-317F2847FFE5}.Release|Any CPU.Build.0 = Release|Any CPU
		{70835284-B570-4419-A4BF-430F6C5B1506}.Debug|Any CPU.ActiveCfg = Debug|Any CPU
		{70835284-B570-4419-A4BF-430F6C5B1506}.Debug|Any CPU.Build.0 = Debug|Any CPU
		{70835284-B570-4419-A4BF-430F6C5B1506}.Release|Any CPU.ActiveCfg = Release|Any CPU
		{70835284-B570-4419-A4BF-430F6C5B1506}.Release|Any CPU.Build.0 = Release|Any CPU
	EndGlobalSection
	GlobalSection(SolutionProperties) = preSolution
		HideSolutionNode = FALSE
	EndGlobalSection
	GlobalSection(ExtensibilityGlobals) = postSolution
		SolutionGuid = {7AC97165-EED1-4966-9F8A-E3FE796FDBAD}
	EndGlobalSection
EndGlobal
